// !$*UTF8*$!
{
	archiveVersion = 1;
	classes = {
	};
	objectVersion = 51;
	objects = {

/* Begin PBXBuildFile section */
		09B48FF3AD18398211910117 /* Pods_Flix_FlixUITests.framework in Frameworks */ = {isa = PBXBuildFile; fileRef = A12F11714A7D96B6C49D197A /* Pods_Flix_FlixUITests.framework */; };
		673F239E2356775000F5C285 /* AppDelegate.swift in Sources */ = {isa = PBXBuildFile; fileRef = 673F239D2356775000F5C285 /* AppDelegate.swift */; };
		673F23A02356775000F5C285 /* SceneDelegate.swift in Sources */ = {isa = PBXBuildFile; fileRef = 673F239F2356775000F5C285 /* SceneDelegate.swift */; };
		673F23A22356775000F5C285 /* MoviesViewController.swift in Sources */ = {isa = PBXBuildFile; fileRef = 673F23A12356775000F5C285 /* MoviesViewController.swift */; };
		673F23A52356775000F5C285 /* Main.storyboard in Resources */ = {isa = PBXBuildFile; fileRef = 673F23A32356775000F5C285 /* Main.storyboard */; };
		673F23A72356775100F5C285 /* Assets.xcassets in Resources */ = {isa = PBXBuildFile; fileRef = 673F23A62356775100F5C285 /* Assets.xcassets */; };
		673F23AA2356775100F5C285 /* LaunchScreen.storyboard in Resources */ = {isa = PBXBuildFile; fileRef = 673F23A82356775100F5C285 /* LaunchScreen.storyboard */; };
		673F23B52356775100F5C285 /* FlixTests.swift in Sources */ = {isa = PBXBuildFile; fileRef = 673F23B42356775100F5C285 /* FlixTests.swift */; };
		673F23C02356775200F5C285 /* FlixUITests.swift in Sources */ = {isa = PBXBuildFile; fileRef = 673F23BF2356775200F5C285 /* FlixUITests.swift */; };
		673F23CE2356839100F5C285 /* MovieTableViewCell.swift in Sources */ = {isa = PBXBuildFile; fileRef = 673F23CD2356839100F5C285 /* MovieTableViewCell.swift */; };
		67BB48D6235CCA1400737D63 /* MoviesDetailViewController.swift in Sources */ = {isa = PBXBuildFile; fileRef = 67BB48D5235CCA1400737D63 /* MoviesDetailViewController.swift */; };
		67BB48D8235CD3C100737D63 /* MoviesGridViewController.swift in Sources */ = {isa = PBXBuildFile; fileRef = 67BB48D7235CD3C100737D63 /* MoviesGridViewController.swift */; };
		67BB48DA235CD81D00737D63 /* MoviesGridCell.swift in Sources */ = {isa = PBXBuildFile; fileRef = 67BB48D9235CD81D00737D63 /* MoviesGridCell.swift */; };
		67BB48DC235CE35800737D63 /* MovieGridDetailView.swift in Sources */ = {isa = PBXBuildFile; fileRef = 67BB48DB235CE35800737D63 /* MovieGridDetailView.swift */; };
		67C7DD11235E2F450091CBA9 /* WebViewController.swift in Sources */ = {isa = PBXBuildFile; fileRef = 67C7DD10235E2F450091CBA9 /* WebViewController.swift */; };
		6C85AE9D94B433B54DD70837 /* Pods_FlixTests.framework in Frameworks */ = {isa = PBXBuildFile; fileRef = E36B3C690596C8582CC11273 /* Pods_FlixTests.framework */; };
		7E1072816B813B7A2199F260 /* Pods_Flix.framework in Frameworks */ = {isa = PBXBuildFile; fileRef = BAC849A3A4345C5787B0E378 /* Pods_Flix.framework */; };
/* End PBXBuildFile section */

/* Begin PBXContainerItemProxy section */
		673F23B12356775100F5C285 /* PBXContainerItemProxy */ = {
			isa = PBXContainerItemProxy;
			containerPortal = 673F23922356774F00F5C285 /* Project object */;
			proxyType = 1;
			remoteGlobalIDString = 673F23992356775000F5C285;
			remoteInfo = Flix;
		};
		673F23BC2356775200F5C285 /* PBXContainerItemProxy */ = {
			isa = PBXContainerItemProxy;
			containerPortal = 673F23922356774F00F5C285 /* Project object */;
			proxyType = 1;
			remoteGlobalIDString = 673F23992356775000F5C285;
			remoteInfo = Flix;
		};
/* End PBXContainerItemProxy section */

/* Begin PBXFileReference section */
		51190D173B21B7D51CDA83CA /* Pods-FlixTests.release.xcconfig */ = {isa = PBXFileReference; includeInIndex = 1; lastKnownFileType = text.xcconfig; name = "Pods-FlixTests.release.xcconfig"; path = "Target Support Files/Pods-FlixTests/Pods-FlixTests.release.xcconfig"; sourceTree = "<group>"; };
		673F239A2356775000F5C285 /* Flix.app */ = {isa = PBXFileReference; explicitFileType = wrapper.application; includeInIndex = 0; path = Flix.app; sourceTree = BUILT_PRODUCTS_DIR; };
		673F239D2356775000F5C285 /* AppDelegate.swift */ = {isa = PBXFileReference; lastKnownFileType = sourcecode.swift; path = AppDelegate.swift; sourceTree = "<group>"; };
		673F239F2356775000F5C285 /* SceneDelegate.swift */ = {isa = PBXFileReference; lastKnownFileType = sourcecode.swift; path = SceneDelegate.swift; sourceTree = "<group>"; };
		673F23A12356775000F5C285 /* MoviesViewController.swift */ = {isa = PBXFileReference; lastKnownFileType = sourcecode.swift; path = MoviesViewController.swift; sourceTree = "<group>"; };
		673F23A42356775000F5C285 /* Base */ = {isa = PBXFileReference; lastKnownFileType = file.storyboard; name = Base; path = Base.lproj/Main.storyboard; sourceTree = "<group>"; };
		673F23A62356775100F5C285 /* Assets.xcassets */ = {isa = PBXFileReference; lastKnownFileType = folder.assetcatalog; path = Assets.xcassets; sourceTree = "<group>"; };
		673F23A92356775100F5C285 /* Base */ = {isa = PBXFileReference; lastKnownFileType = file.storyboard; name = Base; path = Base.lproj/LaunchScreen.storyboard; sourceTree = "<group>"; };
		673F23AB2356775100F5C285 /* Info.plist */ = {isa = PBXFileReference; lastKnownFileType = text.plist.xml; path = Info.plist; sourceTree = "<group>"; };
		673F23B02356775100F5C285 /* FlixTests.xctest */ = {isa = PBXFileReference; explicitFileType = wrapper.cfbundle; includeInIndex = 0; path = FlixTests.xctest; sourceTree = BUILT_PRODUCTS_DIR; };
		673F23B42356775100F5C285 /* FlixTests.swift */ = {isa = PBXFileReference; lastKnownFileType = sourcecode.swift; path = FlixTests.swift; sourceTree = "<group>"; };
		673F23B62356775100F5C285 /* Info.plist */ = {isa = PBXFileReference; lastKnownFileType = text.plist.xml; path = Info.plist; sourceTree = "<group>"; };
		673F23BB2356775200F5C285 /* FlixUITests.xctest */ = {isa = PBXFileReference; explicitFileType = wrapper.cfbundle; includeInIndex = 0; path = FlixUITests.xctest; sourceTree = BUILT_PRODUCTS_DIR; };
		673F23BF2356775200F5C285 /* FlixUITests.swift */ = {isa = PBXFileReference; lastKnownFileType = sourcecode.swift; path = FlixUITests.swift; sourceTree = "<group>"; };
		673F23C12356775200F5C285 /* Info.plist */ = {isa = PBXFileReference; lastKnownFileType = text.plist.xml; path = Info.plist; sourceTree = "<group>"; };
		673F23CD2356839100F5C285 /* MovieTableViewCell.swift */ = {isa = PBXFileReference; lastKnownFileType = sourcecode.swift; path = MovieTableViewCell.swift; sourceTree = "<group>"; };
		67BB48D5235CCA1400737D63 /* MoviesDetailViewController.swift */ = {isa = PBXFileReference; lastKnownFileType = sourcecode.swift; path = MoviesDetailViewController.swift; sourceTree = "<group>"; };
		67BB48D7235CD3C100737D63 /* MoviesGridViewController.swift */ = {isa = PBXFileReference; lastKnownFileType = sourcecode.swift; path = MoviesGridViewController.swift; sourceTree = "<group>"; };
		67BB48D9235CD81D00737D63 /* MoviesGridCell.swift */ = {isa = PBXFileReference; lastKnownFileType = sourcecode.swift; path = MoviesGridCell.swift; sourceTree = "<group>"; };
		67BB48DB235CE35800737D63 /* MovieGridDetailView.swift */ = {isa = PBXFileReference; lastKnownFileType = sourcecode.swift; path = MovieGridDetailView.swift; sourceTree = "<group>"; };
		67C7DD10235E2F450091CBA9 /* WebViewController.swift */ = {isa = PBXFileReference; lastKnownFileType = sourcecode.swift; path = WebViewController.swift; sourceTree = "<group>"; };
		8980B407812B86EAB49ED4E9 /* Pods-FlixTests.debug.xcconfig */ = {isa = PBXFileReference; includeInIndex = 1; lastKnownFileType = text.xcconfig; name = "Pods-FlixTests.debug.xcconfig"; path = "Target Support Files/Pods-FlixTests/Pods-FlixTests.debug.xcconfig"; sourceTree = "<group>"; };
		A12F11714A7D96B6C49D197A /* Pods_Flix_FlixUITests.framework */ = {isa = PBXFileReference; explicitFileType = wrapper.framework; includeInIndex = 0; path = Pods_Flix_FlixUITests.framework; sourceTree = BUILT_PRODUCTS_DIR; };
		A768E02D2A23003C5C604E6A /* Pods-Flix.debug.xcconfig */ = {isa = PBXFileReference; includeInIndex = 1; lastKnownFileType = text.xcconfig; name = "Pods-Flix.debug.xcconfig"; path = "Target Support Files/Pods-Flix/Pods-Flix.debug.xcconfig"; sourceTree = "<group>"; };
		AF8B23138072122BAF67725A /* Pods-Flix-FlixUITests.release.xcconfig */ = {isa = PBXFileReference; includeInIndex = 1; lastKnownFileType = text.xcconfig; name = "Pods-Flix-FlixUITests.release.xcconfig"; path = "Target Support Files/Pods-Flix-FlixUITests/Pods-Flix-FlixUITests.release.xcconfig"; sourceTree = "<group>"; };
		BAC849A3A4345C5787B0E378 /* Pods_Flix.framework */ = {isa = PBXFileReference; explicitFileType = wrapper.framework; includeInIndex = 0; path = Pods_Flix.framework; sourceTree = BUILT_PRODUCTS_DIR; };
		C0229BEA48CC94DE80E25FD1 /* Pods-Flix.release.xcconfig */ = {isa = PBXFileReference; includeInIndex = 1; lastKnownFileType = text.xcconfig; name = "Pods-Flix.release.xcconfig"; path = "Target Support Files/Pods-Flix/Pods-Flix.release.xcconfig"; sourceTree = "<group>"; };
		C91F9B7375AF713B3C0C1D49 /* Pods-Flix-FlixUITests.debug.xcconfig */ = {isa = PBXFileReference; includeInIndex = 1; lastKnownFileType = text.xcconfig; name = "Pods-Flix-FlixUITests.debug.xcconfig"; path = "Target Support Files/Pods-Flix-FlixUITests/Pods-Flix-FlixUITests.debug.xcconfig"; sourceTree = "<group>"; };
		E36B3C690596C8582CC11273 /* Pods_FlixTests.framework */ = {isa = PBXFileReference; explicitFileType = wrapper.framework; includeInIndex = 0; path = Pods_FlixTests.framework; sourceTree = BUILT_PRODUCTS_DIR; };
/* End PBXFileReference section */

/* Begin PBXFrameworksBuildPhase section */
		673F23972356775000F5C285 /* Frameworks */ = {
			isa = PBXFrameworksBuildPhase;
			buildActionMask = 2147483647;
			files = (
				7E1072816B813B7A2199F260 /* Pods_Flix.framework in Frameworks */,
			);
			runOnlyForDeploymentPostprocessing = 0;
		};
		673F23AD2356775100F5C285 /* Frameworks */ = {
			isa = PBXFrameworksBuildPhase;
			buildActionMask = 2147483647;
			files = (
				6C85AE9D94B433B54DD70837 /* Pods_FlixTests.framework in Frameworks */,
			);
			runOnlyForDeploymentPostprocessing = 0;
		};
		673F23B82356775200F5C285 /* Frameworks */ = {
			isa = PBXFrameworksBuildPhase;
			buildActionMask = 2147483647;
			files = (
				09B48FF3AD18398211910117 /* Pods_Flix_FlixUITests.framework in Frameworks */,
			);
			runOnlyForDeploymentPostprocessing = 0;
		};
/* End PBXFrameworksBuildPhase section */

/* Begin PBXGroup section */
		04C6A3AF802D5B496405CADA /* Frameworks */ = {
			isa = PBXGroup;
			children = (
				BAC849A3A4345C5787B0E378 /* Pods_Flix.framework */,
				A12F11714A7D96B6C49D197A /* Pods_Flix_FlixUITests.framework */,
				E36B3C690596C8582CC11273 /* Pods_FlixTests.framework */,
			);
			name = Frameworks;
			sourceTree = "<group>";
		};
		14DFE8E1765CB5C27738BDEE /* Pods */ = {
			isa = PBXGroup;
			children = (
				A768E02D2A23003C5C604E6A /* Pods-Flix.debug.xcconfig */,
				C0229BEA48CC94DE80E25FD1 /* Pods-Flix.release.xcconfig */,
				C91F9B7375AF713B3C0C1D49 /* Pods-Flix-FlixUITests.debug.xcconfig */,
				AF8B23138072122BAF67725A /* Pods-Flix-FlixUITests.release.xcconfig */,
				8980B407812B86EAB49ED4E9 /* Pods-FlixTests.debug.xcconfig */,
				51190D173B21B7D51CDA83CA /* Pods-FlixTests.release.xcconfig */,
			);
			path = Pods;
			sourceTree = "<group>";
		};
		673F23912356774F00F5C285 = {
			isa = PBXGroup;
			children = (
				673F239C2356775000F5C285 /* Flix */,
				673F23B32356775100F5C285 /* FlixTests */,
				673F23BE2356775200F5C285 /* FlixUITests */,
				673F239B2356775000F5C285 /* Products */,
				14DFE8E1765CB5C27738BDEE /* Pods */,
				04C6A3AF802D5B496405CADA /* Frameworks */,
			);
			sourceTree = "<group>";
		};
		673F239B2356775000F5C285 /* Products */ = {
			isa = PBXGroup;
			children = (
				673F239A2356775000F5C285 /* Flix.app */,
				673F23B02356775100F5C285 /* FlixTests.xctest */,
				673F23BB2356775200F5C285 /* FlixUITests.xctest */,
			);
			name = Products;
			sourceTree = "<group>";
		};
		673F239C2356775000F5C285 /* Flix */ = {
			isa = PBXGroup;
			children = (
				673F239D2356775000F5C285 /* AppDelegate.swift */,
				673F239F2356775000F5C285 /* SceneDelegate.swift */,
				673F23A12356775000F5C285 /* MoviesViewController.swift */,
				67BB48D5235CCA1400737D63 /* MoviesDetailViewController.swift */,
				673F23CD2356839100F5C285 /* MovieTableViewCell.swift */,
				67BB48D7235CD3C100737D63 /* MoviesGridViewController.swift */,
				67BB48D9235CD81D00737D63 /* MoviesGridCell.swift */,
				67BB48DB235CE35800737D63 /* MovieGridDetailView.swift */,
				67C7DD10235E2F450091CBA9 /* WebViewController.swift */,
				673F23A32356775000F5C285 /* Main.storyboard */,
				673F23A62356775100F5C285 /* Assets.xcassets */,
				673F23A82356775100F5C285 /* LaunchScreen.storyboard */,
				673F23AB2356775100F5C285 /* Info.plist */,
			);
			path = Flix;
			sourceTree = "<group>";
		};
		673F23B32356775100F5C285 /* FlixTests */ = {
			isa = PBXGroup;
			children = (
				673F23B42356775100F5C285 /* FlixTests.swift */,
				673F23B62356775100F5C285 /* Info.plist */,
			);
			path = FlixTests;
			sourceTree = "<group>";
		};
		673F23BE2356775200F5C285 /* FlixUITests */ = {
			isa = PBXGroup;
			children = (
				673F23BF2356775200F5C285 /* FlixUITests.swift */,
				673F23C12356775200F5C285 /* Info.plist */,
			);
			path = FlixUITests;
			sourceTree = "<group>";
		};
/* End PBXGroup section */

/* Begin PBXNativeTarget section */
		673F23992356775000F5C285 /* Flix */ = {
			isa = PBXNativeTarget;
			buildConfigurationList = 673F23C42356775200F5C285 /* Build configuration list for PBXNativeTarget "Flix" */;
			buildPhases = (
				1D401191695BDE88DCF3FF27 /* [CP] Check Pods Manifest.lock */,
				673F23962356775000F5C285 /* Sources */,
				673F23972356775000F5C285 /* Frameworks */,
				673F23982356775000F5C285 /* Resources */,
				A882F790465AE3C86026D067 /* [CP] Embed Pods Frameworks */,
			);
			buildRules = (
			);
			dependencies = (
			);
			name = Flix;
			productName = Flix;
			productReference = 673F239A2356775000F5C285 /* Flix.app */;
			productType = "com.apple.product-type.application";
		};
		673F23AF2356775100F5C285 /* FlixTests */ = {
			isa = PBXNativeTarget;
			buildConfigurationList = 673F23C72356775200F5C285 /* Build configuration list for PBXNativeTarget "FlixTests" */;
			buildPhases = (
				BF14F0104317AA92C519A5D8 /* [CP] Check Pods Manifest.lock */,
				673F23AC2356775100F5C285 /* Sources */,
				673F23AD2356775100F5C285 /* Frameworks */,
				673F23AE2356775100F5C285 /* Resources */,
			);
			buildRules = (
			);
			dependencies = (
				673F23B22356775100F5C285 /* PBXTargetDependency */,
			);
			name = FlixTests;
			productName = FlixTests;
			productReference = 673F23B02356775100F5C285 /* FlixTests.xctest */;
			productType = "com.apple.product-type.bundle.unit-test";
		};
		673F23BA2356775200F5C285 /* FlixUITests */ = {
			isa = PBXNativeTarget;
			buildConfigurationList = 673F23CA2356775200F5C285 /* Build configuration list for PBXNativeTarget "FlixUITests" */;
			buildPhases = (
				C21CE15F288CF341EF7AB6EE /* [CP] Check Pods Manifest.lock */,
				673F23B72356775200F5C285 /* Sources */,
				673F23B82356775200F5C285 /* Frameworks */,
				673F23B92356775200F5C285 /* Resources */,
				94167C307265D14AE8373E1D /* [CP] Embed Pods Frameworks */,
			);
			buildRules = (
			);
			dependencies = (
				673F23BD2356775200F5C285 /* PBXTargetDependency */,
			);
			name = FlixUITests;
			productName = FlixUITests;
			productReference = 673F23BB2356775200F5C285 /* FlixUITests.xctest */;
			productType = "com.apple.product-type.bundle.ui-testing";
		};
/* End PBXNativeTarget section */

/* Begin PBXProject section */
		673F23922356774F00F5C285 /* Project object */ = {
			isa = PBXProject;
			attributes = {
				LastSwiftUpdateCheck = 1100;
				LastUpgradeCheck = 1100;
				ORGANIZATIONNAME = "Jose Alarcon Chacon";
				TargetAttributes = {
					673F23992356775000F5C285 = {
						CreatedOnToolsVersion = 11.0;
					};
					673F23AF2356775100F5C285 = {
						CreatedOnToolsVersion = 11.0;
						TestTargetID = 673F23992356775000F5C285;
					};
					673F23BA2356775200F5C285 = {
						CreatedOnToolsVersion = 11.0;
						TestTargetID = 673F23992356775000F5C285;
					};
				};
			};
			buildConfigurationList = 673F23952356774F00F5C285 /* Build configuration list for PBXProject "Flix" */;
			compatibilityVersion = "Xcode 9.3";
			developmentRegion = en;
			hasScannedForEncodings = 0;
			knownRegions = (
				en,
				Base,
			);
			mainGroup = 673F23912356774F00F5C285;
			productRefGroup = 673F239B2356775000F5C285 /* Products */;
			projectDirPath = "";
			projectRoot = "";
			targets = (
				673F23992356775000F5C285 /* Flix */,
				673F23AF2356775100F5C285 /* FlixTests */,
				673F23BA2356775200F5C285 /* FlixUITests */,
			);
		};
/* End PBXProject section */

/* Begin PBXResourcesBuildPhase section */
		673F23982356775000F5C285 /* Resources */ = {
			isa = PBXResourcesBuildPhase;
			buildActionMask = 2147483647;
			files = (
				673F23AA2356775100F5C285 /* LaunchScreen.storyboard in Resources */,
				673F23A72356775100F5C285 /* Assets.xcassets in Resources */,
				673F23A52356775000F5C285 /* Main.storyboard in Resources */,
			);
			runOnlyForDeploymentPostprocessing = 0;
		};
		673F23AE2356775100F5C285 /* Resources */ = {
			isa = PBXResourcesBuildPhase;
			buildActionMask = 2147483647;
			files = (
			);
			runOnlyForDeploymentPostprocessing = 0;
		};
		673F23B92356775200F5C285 /* Resources */ = {
			isa = PBXResourcesBuildPhase;
			buildActionMask = 2147483647;
			files = (
			);
			runOnlyForDeploymentPostprocessing = 0;
		};
/* End PBXResourcesBuildPhase section */

/* Begin PBXShellScriptBuildPhase section */
		1D401191695BDE88DCF3FF27 /* [CP] Check Pods Manifest.lock */ = {
			isa = PBXShellScriptBuildPhase;
			buildActionMask = 2147483647;
			files = (
			);
			inputFileListPaths = (
			);
			inputPaths = (
				"${PODS_PODFILE_DIR_PATH}/Podfile.lock",
				"${PODS_ROOT}/Manifest.lock",
			);
			name = "[CP] Check Pods Manifest.lock";
			outputFileListPaths = (
			);
			outputPaths = (
				"$(DERIVED_FILE_DIR)/Pods-Flix-checkManifestLockResult.txt",
			);
			runOnlyForDeploymentPostprocessing = 0;
			shellPath = /bin/sh;
			shellScript = "diff \"${PODS_PODFILE_DIR_PATH}/Podfile.lock\" \"${PODS_ROOT}/Manifest.lock\" > /dev/null\nif [ $? != 0 ] ; then\n    # print error to STDERR\n    echo \"error: The sandbox is not in sync with the Podfile.lock. Run 'pod install' or update your CocoaPods installation.\" >&2\n    exit 1\nfi\n# This output is used by Xcode 'outputs' to avoid re-running this script phase.\necho \"SUCCESS\" > \"${SCRIPT_OUTPUT_FILE_0}\"\n";
			showEnvVarsInLog = 0;
		};
		94167C307265D14AE8373E1D /* [CP] Embed Pods Frameworks */ = {
			isa = PBXShellScriptBuildPhase;
			buildActionMask = 2147483647;
			files = (
			);
			inputFileListPaths = (
				"${PODS_ROOT}/Target Support Files/Pods-Flix-FlixUITests/Pods-Flix-FlixUITests-frameworks-${CONFIGURATION}-input-files.xcfilelist",
			);
			name = "[CP] Embed Pods Frameworks";
			outputFileListPaths = (
				"${PODS_ROOT}/Target Support Files/Pods-Flix-FlixUITests/Pods-Flix-FlixUITests-frameworks-${CONFIGURATION}-output-files.xcfilelist",
			);
			runOnlyForDeploymentPostprocessing = 0;
			shellPath = /bin/sh;
			shellScript = "\"${PODS_ROOT}/Target Support Files/Pods-Flix-FlixUITests/Pods-Flix-FlixUITests-frameworks.sh\"\n";
			showEnvVarsInLog = 0;
		};
		A882F790465AE3C86026D067 /* [CP] Embed Pods Frameworks */ = {
			isa = PBXShellScriptBuildPhase;
			buildActionMask = 2147483647;
			files = (
			);
			inputFileListPaths = (
				"${PODS_ROOT}/Target Support Files/Pods-Flix/Pods-Flix-frameworks-${CONFIGURATION}-input-files.xcfilelist",
			);
			name = "[CP] Embed Pods Frameworks";
			outputFileListPaths = (
				"${PODS_ROOT}/Target Support Files/Pods-Flix/Pods-Flix-frameworks-${CONFIGURATION}-output-files.xcfilelist",
			);
			runOnlyForDeploymentPostprocessing = 0;
			shellPath = /bin/sh;
			shellScript = "\"${PODS_ROOT}/Target Support Files/Pods-Flix/Pods-Flix-frameworks.sh\"\n";
			showEnvVarsInLog = 0;
		};
		BF14F0104317AA92C519A5D8 /* [CP] Check Pods Manifest.lock */ = {
			isa = PBXShellScriptBuildPhase;
			buildActionMask = 2147483647;
			files = (
			);
			inputFileListPaths = (
			);
			inputPaths = (
				"${PODS_PODFILE_DIR_PATH}/Podfile.lock",
				"${PODS_ROOT}/Manifest.lock",
			);
			name = "[CP] Check Pods Manifest.lock";
			outputFileListPaths = (
			);
			outputPaths = (
				"$(DERIVED_FILE_DIR)/Pods-FlixTests-checkManifestLockResult.txt",
			);
			runOnlyForDeploymentPostprocessing = 0;
			shellPath = /bin/sh;
			shellScript = "diff \"${PODS_PODFILE_DIR_PATH}/Podfile.lock\" \"${PODS_ROOT}/Manifest.lock\" > /dev/null\nif [ $? != 0 ] ; then\n    # print error to STDERR\n    echo \"error: The sandbox is not in sync with the Podfile.lock. Run 'pod install' or update your CocoaPods installation.\" >&2\n    exit 1\nfi\n# This output is used by Xcode 'outputs' to avoid re-running this script phase.\necho \"SUCCESS\" > \"${SCRIPT_OUTPUT_FILE_0}\"\n";
			showEnvVarsInLog = 0;
		};
		C21CE15F288CF341EF7AB6EE /* [CP] Check Pods Manifest.lock */ = {
			isa = PBXShellScriptBuildPhase;
			buildActionMask = 2147483647;
			files = (
			);
			inputFileListPaths = (
			);
			inputPaths = (
				"${PODS_PODFILE_DIR_PATH}/Podfile.lock",
				"${PODS_ROOT}/Manifest.lock",
			);
			name = "[CP] Check Pods Manifest.lock";
			outputFileListPaths = (
			);
			outputPaths = (
				"$(DERIVED_FILE_DIR)/Pods-Flix-FlixUITests-checkManifestLockResult.txt",
			);
			runOnlyForDeploymentPostprocessing = 0;
			shellPath = /bin/sh;
			shellScript = "diff \"${PODS_PODFILE_DIR_PATH}/Podfile.lock\" \"${PODS_ROOT}/Manifest.lock\" > /dev/null\nif [ $? != 0 ] ; then\n    # print error to STDERR\n    echo \"error: The sandbox is not in sync with the Podfile.lock. Run 'pod install' or update your CocoaPods installation.\" >&2\n    exit 1\nfi\n# This output is used by Xcode 'outputs' to avoid re-running this script phase.\necho \"SUCCESS\" > \"${SCRIPT_OUTPUT_FILE_0}\"\n";
			showEnvVarsInLog = 0;
		};
/* End PBXShellScriptBuildPhase section */

/* Begin PBXSourcesBuildPhase section */
		673F23962356775000F5C285 /* Sources */ = {
			isa = PBXSourcesBuildPhase;
			buildActionMask = 2147483647;
			files = (
				67BB48DC235CE35800737D63 /* MovieGridDetailView.swift in Sources */,
				67C7DD11235E2F450091CBA9 /* WebViewController.swift in Sources */,
				67BB48D6235CCA1400737D63 /* MoviesDetailViewController.swift in Sources */,
				67BB48D8235CD3C100737D63 /* MoviesGridViewController.swift in Sources */,
				67BB48DA235CD81D00737D63 /* MoviesGridCell.swift in Sources */,
				673F23A22356775000F5C285 /* MoviesViewController.swift in Sources */,
				673F239E2356775000F5C285 /* AppDelegate.swift in Sources */,
				673F23CE2356839100F5C285 /* MovieTableViewCell.swift in Sources */,
				673F23A02356775000F5C285 /* SceneDelegate.swift in Sources */,
			);
			runOnlyForDeploymentPostprocessing = 0;
		};
		673F23AC2356775100F5C285 /* Sources */ = {
			isa = PBXSourcesBuildPhase;
			buildActionMask = 2147483647;
			files = (
				673F23B52356775100F5C285 /* FlixTests.swift in Sources */,
			);
			runOnlyForDeploymentPostprocessing = 0;
		};
		673F23B72356775200F5C285 /* Sources */ = {
			isa = PBXSourcesBuildPhase;
			buildActionMask = 2147483647;
			files = (
				673F23C02356775200F5C285 /* FlixUITests.swift in Sources */,
			);
			runOnlyForDeploymentPostprocessing = 0;
		};
/* End PBXSourcesBuildPhase section */

/* Begin PBXTargetDependency section */
		673F23B22356775100F5C285 /* PBXTargetDependency */ = {
			isa = PBXTargetDependency;
			target = 673F23992356775000F5C285 /* Flix */;
			targetProxy = 673F23B12356775100F5C285 /* PBXContainerItemProxy */;
		};
		673F23BD2356775200F5C285 /* PBXTargetDependency */ = {
			isa = PBXTargetDependency;
			target = 673F23992356775000F5C285 /* Flix */;
			targetProxy = 673F23BC2356775200F5C285 /* PBXContainerItemProxy */;
		};
/* End PBXTargetDependency section */

/* Begin PBXVariantGroup section */
		673F23A32356775000F5C285 /* Main.storyboard */ = {
			isa = PBXVariantGroup;
			children = (
				673F23A42356775000F5C285 /* Base */,
			);
			name = Main.storyboard;
			sourceTree = "<group>";
		};
		673F23A82356775100F5C285 /* LaunchScreen.storyboard */ = {
			isa = PBXVariantGroup;
			children = (
				673F23A92356775100F5C285 /* Base */,
			);
			name = LaunchScreen.storyboard;
			sourceTree = "<group>";
		};
/* End PBXVariantGroup section */

/* Begin XCBuildConfiguration section */
		673F23C22356775200F5C285 /* Debug */ = {
			isa = XCBuildConfiguration;
			buildSettings = {
				ALWAYS_SEARCH_USER_PATHS = NO;
				CLANG_ANALYZER_NONNULL = YES;
				CLANG_ANALYZER_NUMBER_OBJECT_CONVERSION = YES_AGGRESSIVE;
				CLANG_CXX_LANGUAGE_STANDARD = "gnu++14";
				CLANG_CXX_LIBRARY = "libc++";
				CLANG_ENABLE_MODULES = YES;
				CLANG_ENABLE_OBJC_ARC = YES;
				CLANG_ENABLE_OBJC_WEAK = YES;
				CLANG_WARN_BLOCK_CAPTURE_AUTORELEASING = YES;
				CLANG_WARN_BOOL_CONVERSION = YES;
				CLANG_WARN_COMMA = YES;
				CLANG_WARN_CONSTANT_CONVERSION = YES;
				CLANG_WARN_DEPRECATED_OBJC_IMPLEMENTATIONS = YES;
				CLANG_WARN_DIRECT_OBJC_ISA_USAGE = YES_ERROR;
				CLANG_WARN_DOCUMENTATION_COMMENTS = YES;
				CLANG_WARN_EMPTY_BODY = YES;
				CLANG_WARN_ENUM_CONVERSION = YES;
				CLANG_WARN_INFINITE_RECURSION = YES;
				CLANG_WARN_INT_CONVERSION = YES;
				CLANG_WARN_NON_LITERAL_NULL_CONVERSION = YES;
				CLANG_WARN_OBJC_IMPLICIT_RETAIN_SELF = YES;
				CLANG_WARN_OBJC_LITERAL_CONVERSION = YES;
				CLANG_WARN_OBJC_ROOT_CLASS = YES_ERROR;
				CLANG_WARN_RANGE_LOOP_ANALYSIS = YES;
				CLANG_WARN_STRICT_PROTOTYPES = YES;
				CLANG_WARN_SUSPICIOUS_MOVE = YES;
				CLANG_WARN_UNGUARDED_AVAILABILITY = YES_AGGRESSIVE;
				CLANG_WARN_UNREACHABLE_CODE = YES;
				CLANG_WARN__DUPLICATE_METHOD_MATCH = YES;
				COPY_PHASE_STRIP = NO;
				DEBUG_INFORMATION_FORMAT = dwarf;
				ENABLE_STRICT_OBJC_MSGSEND = YES;
				ENABLE_TESTABILITY = YES;
				GCC_C_LANGUAGE_STANDARD = gnu11;
				GCC_DYNAMIC_NO_PIC = NO;
				GCC_NO_COMMON_BLOCKS = YES;
				GCC_OPTIMIZATION_LEVEL = 0;
				GCC_PREPROCESSOR_DEFINITIONS = (
					"DEBUG=1",
					"$(inherited)",
				);
				GCC_WARN_64_TO_32_BIT_CONVERSION = YES;
				GCC_WARN_ABOUT_RETURN_TYPE = YES_ERROR;
				GCC_WARN_UNDECLARED_SELECTOR = YES;
				GCC_WARN_UNINITIALIZED_AUTOS = YES_AGGRESSIVE;
				GCC_WARN_UNUSED_FUNCTION = YES;
				GCC_WARN_UNUSED_VARIABLE = YES;
				IPHONEOS_DEPLOYMENT_TARGET = 13.0;
				MTL_ENABLE_DEBUG_INFO = INCLUDE_SOURCE;
				MTL_FAST_MATH = YES;
				ONLY_ACTIVE_ARCH = YES;
				SDKROOT = iphoneos;
				SWIFT_ACTIVE_COMPILATION_CONDITIONS = DEBUG;
				SWIFT_OPTIMIZATION_LEVEL = "-Onone";
			};
			name = Debug;
		};
		673F23C32356775200F5C285 /* Release */ = {
			isa = XCBuildConfiguration;
			buildSettings = {
				ALWAYS_SEARCH_USER_PATHS = NO;
				CLANG_ANALYZER_NONNULL = YES;
				CLANG_ANALYZER_NUMBER_OBJECT_CONVERSION = YES_AGGRESSIVE;
				CLANG_CXX_LANGUAGE_STANDARD = "gnu++14";
				CLANG_CXX_LIBRARY = "libc++";
				CLANG_ENABLE_MODULES = YES;
				CLANG_ENABLE_OBJC_ARC = YES;
				CLANG_ENABLE_OBJC_WEAK = YES;
				CLANG_WARN_BLOCK_CAPTURE_AUTORELEASING = YES;
				CLANG_WARN_BOOL_CONVERSION = YES;
				CLANG_WARN_COMMA = YES;
				CLANG_WARN_CONSTANT_CONVERSION = YES;
				CLANG_WARN_DEPRECATED_OBJC_IMPLEMENTATIONS = YES;
				CLANG_WARN_DIRECT_OBJC_ISA_USAGE = YES_ERROR;
				CLANG_WARN_DOCUMENTATION_COMMENTS = YES;
				CLANG_WARN_EMPTY_BODY = YES;
				CLANG_WARN_ENUM_CONVERSION = YES;
				CLANG_WARN_INFINITE_RECURSION = YES;
				CLANG_WARN_INT_CONVERSION = YES;
				CLANG_WARN_NON_LITERAL_NULL_CONVERSION = YES;
				CLANG_WARN_OBJC_IMPLICIT_RETAIN_SELF = YES;
				CLANG_WARN_OBJC_LITERAL_CONVERSION = YES;
				CLANG_WARN_OBJC_ROOT_CLASS = YES_ERROR;
				CLANG_WARN_RANGE_LOOP_ANALYSIS = YES;
				CLANG_WARN_STRICT_PROTOTYPES = YES;
				CLANG_WARN_SUSPICIOUS_MOVE = YES;
				CLANG_WARN_UNGUARDED_AVAILABILITY = YES_AGGRESSIVE;
				CLANG_WARN_UNREACHABLE_CODE = YES;
				CLANG_WARN__DUPLICATE_METHOD_MATCH = YES;
				COPY_PHASE_STRIP = NO;
				DEBUG_INFORMATION_FORMAT = "dwarf-with-dsym";
				ENABLE_NS_ASSERTIONS = NO;
				ENABLE_STRICT_OBJC_MSGSEND = YES;
				GCC_C_LANGUAGE_STANDARD = gnu11;
				GCC_NO_COMMON_BLOCKS = YES;
				GCC_WARN_64_TO_32_BIT_CONVERSION = YES;
				GCC_WARN_ABOUT_RETURN_TYPE = YES_ERROR;
				GCC_WARN_UNDECLARED_SELECTOR = YES;
				GCC_WARN_UNINITIALIZED_AUTOS = YES_AGGRESSIVE;
				GCC_WARN_UNUSED_FUNCTION = YES;
				GCC_WARN_UNUSED_VARIABLE = YES;
				IPHONEOS_DEPLOYMENT_TARGET = 13.0;
				MTL_ENABLE_DEBUG_INFO = NO;
				MTL_FAST_MATH = YES;
				SDKROOT = iphoneos;
				SWIFT_COMPILATION_MODE = wholemodule;
				SWIFT_OPTIMIZATION_LEVEL = "-O";
				VALIDATE_PRODUCT = YES;
			};
			name = Release;
		};
		673F23C52356775200F5C285 /* Debug */ = {
			isa = XCBuildConfiguration;
			baseConfigurationReference = A768E02D2A23003C5C604E6A /* Pods-Flix.debug.xcconfig */;
			buildSettings = {
				ASSETCATALOG_COMPILER_APPICON_NAME = AppIcon;
				CODE_SIGN_STYLE = Automatic;
				DEVELOPMENT_TEAM = H6HD3SW977;
				INFOPLIST_FILE = Flix/Info.plist;
				LD_RUNPATH_SEARCH_PATHS = (
					"$(inherited)",
					"@executable_path/Frameworks",
				);
				PRODUCT_BUNDLE_IDENTIFIER = con.jose.Flix;
				PRODUCT_NAME = "$(TARGET_NAME)";
				SWIFT_VERSION = 5.0;
				TARGETED_DEVICE_FAMILY = "1,2";
			};
			name = Debug;
		};
		673F23C62356775200F5C285 /* Release */ = {
			isa = XCBuildConfiguration;
			baseConfigurationReference = C0229BEA48CC94DE80E25FD1 /* Pods-Flix.release.xcconfig */;
			buildSettings = {
				ASSETCATALOG_COMPILER_APPICON_NAME = AppIcon;
				CODE_SIGN_STYLE = Automatic;
				DEVELOPMENT_TEAM = H6HD3SW977;
				INFOPLIST_FILE = Flix/Info.plist;
				LD_RUNPATH_SEARCH_PATHS = (
					"$(inherited)",
					"@executable_path/Frameworks",
				);
				PRODUCT_BUNDLE_IDENTIFIER = con.jose.Flix;
				PRODUCT_NAME = "$(TARGET_NAME)";
				SWIFT_VERSION = 5.0;
				TARGETED_DEVICE_FAMILY = "1,2";
			};
			name = Release;
		};
		673F23C82356775200F5C285 /* Debug */ = {
			isa = XCBuildConfiguration;
			baseConfigurationReference = 8980B407812B86EAB49ED4E9 /* Pods-FlixTests.debug.xcconfig */;
			buildSettings = {
				ALWAYS_EMBED_SWIFT_STANDARD_LIBRARIES = YES;
				BUNDLE_LOADER = "$(TEST_HOST)";
				CODE_SIGN_STYLE = Automatic;
				DEVELOPMENT_TEAM = H6HD3SW977;
				INFOPLIST_FILE = FlixTests/Info.plist;
				IPHONEOS_DEPLOYMENT_TARGET = 13.0;
				LD_RUNPATH_SEARCH_PATHS = (
					"$(inherited)",
					"@executable_path/Frameworks",
					"@loader_path/Frameworks",
				);
				PRODUCT_BUNDLE_IDENTIFIER = con.jose.FlixTests;
				PRODUCT_NAME = "$(TARGET_NAME)";
				SWIFT_VERSION = 5.0;
				TARGETED_DEVICE_FAMILY = "1,2";
				TEST_HOST = "$(BUILT_PRODUCTS_DIR)/Flix.app/Flix";
			};
			name = Debug;
		};
		673F23C92356775200F5C285 /* Release */ = {
			isa = XCBuildConfiguration;
			baseConfigurationReference = 51190D173B21B7D51CDA83CA /* Pods-FlixTests.release.xcconfig */;
			buildSettings = {
				ALWAYS_EMBED_SWIFT_STANDARD_LIBRARIES = YES;
				BUNDLE_LOADER = "$(TEST_HOST)";
				CODE_SIGN_STYLE = Automatic;
				DEVELOPMENT_TEAM = H6HD3SW977;
				INFOPLIST_FILE = FlixTests/Info.plist;
				IPHONEOS_DEPLOYMENT_TARGET = 13.0;
				LD_RUNPATH_SEARCH_PATHS = (
					"$(inherited)",
					"@executable_path/Frameworks",
					"@loader_path/Frameworks",
				);
				PRODUCT_BUNDLE_IDENTIFIER = con.jose.FlixTests;
				PRODUCT_NAME = "$(TARGET_NAME)";
				SWIFT_VERSION = 5.0;
				TARGETED_DEVICE_FAMILY = "1,2";
				TEST_HOST = "$(BUILT_PRODUCTS_DIR)/Flix.app/Flix";
			};
			name = Release;
		};
		673F23CB2356775200F5C285 /* Debug */ = {
			isa = XCBuildConfiguration;
			baseConfigurationReference = C91F9B7375AF713B3C0C1D49 /* Pods-Flix-FlixUITests.debug.xcconfig */;
			buildSettings = {
				ALWAYS_EMBED_SWIFT_STANDARD_LIBRARIES = YES;
				CODE_SIGN_STYLE = Automatic;
				DEVELOPMENT_TEAM = H6HD3SW977;
				INFOPLIST_FILE = FlixUITests/Info.plist;
				LD_RUNPATH_SEARCH_PATHS = (
					"$(inherited)",
					"@executable_path/Frameworks",
					"@loader_path/Frameworks",
				);
				PRODUCT_BUNDLE_IDENTIFIER = con.jose.FlixUITests;
				PRODUCT_NAME = "$(TARGET_NAME)";
				SWIFT_VERSION = 5.0;
				TARGETED_DEVICE_FAMILY = "1,2";
				TEST_TARGET_NAME = Flix;
			};
			name = Debug;
		};
		673F23CC2356775200F5C285 /* Release */ = {
			isa = XCBuildConfiguration;
			baseConfigurationReference = AF8B23138072122BAF67725A /* Pods-Flix-FlixUITests.release.xcconfig */;
			buildSettings = {
				ALWAYS_EMBED_SWIFT_STANDARD_LIBRARIES = YES;
				CODE_SIGN_STYLE = Automatic;
				DEVELOPMENT_TEAM = H6HD3SW977;
				INFOPLIST_FILE = FlixUITests/Info.plist;
				LD_RUNPATH_SEARCH_PATHS = (
					"$(inherited)",
					"@executable_path/Frameworks",
					"@loader_path/Frameworks",
				);
				PRODUCT_BUNDLE_IDENTIFIER = con.jose.FlixUITests;
				PRODUCT_NAME = "$(TARGET_NAME)";
				SWIFT_VERSION = 5.0;
				TARGETED_DEVICE_FAMILY = "1,2";
				TEST_TARGET_NAME = Flix;
			};
			name = Release;
		};
/* End XCBuildConfiguration section */

/* Begin XCConfigurationList section */
		673F23952356774F00F5C285 /* Build configuration list for PBXProject "Flix" */ = {
			isa = XCConfigurationList;
			buildConfigurations = (
				673F23C22356775200F5C285 /* Debug */,
				673F23C32356775200F5C285 /* Release */,
			);
			defaultConfigurationIsVisible = 0;
			defaultConfigurationName = Release;
		};
		673F23C42356775200F5C285 /* Build configuration list for PBXNativeTarget "Flix" */ = {
			isa = XCConfigurationList;
			buildConfigurations = (
				673F23C52356775200F5C285 /* Debug */,
				673F23C62356775200F5C285 /* Release */,
			);
			defaultConfigurationIsVisible = 0;
			defaultConfigurationName = Release;
		};
		673F23C72356775200F5C285 /* Build configuration list for PBXNativeTarget "FlixTests" */ = {
			isa = XCConfigurationList;
			buildConfigurations = (
				673F23C82356775200F5C285 /* Debug */,
				673F23C92356775200F5C285 /* Release */,
			);
			defaultConfigurationIsVisible = 0;
			defaultConfigurationName = Release;
		};
		673F23CA2356775200F5C285 /* Build configuration list for PBXNativeTarget "FlixUITests" */ = {
			isa = XCConfigurationList;
			buildConfigurations = (
				673F23CB2356775200F5C285 /* Debug */,
				673F23CC2356775200F5C285 /* Release */,
			);
			defaultConfigurationIsVisible = 0;
			defaultConfigurationName = Release;
		};
/* End XCConfigurationList section */
	};
	rootObject = 673F23922356774F00F5C285 /* Project object */;
}
